
Microsoft Visual Studio Solution File, Format Version 12.00
# Visual Studio Version 17
VisualStudioVersion = 17.4.33205.214
MinimumVisualStudioVersion = 10.0.40219.1
Project("{FAE04EC0-301F-11D3-BF4B-00C04F79EFBC}") = "FileStorage", "FileStorage\FileStorage.csproj", "{95AED803-2B58-4B9E-9B01-18D0C8E349A5}"
EndProject
Global
	GlobalSection(SolutionConfigurationPlatforms) = preSolution
		Debug|Any CPU = Debug|Any CPU
		Release|Any CPU = Release|Any CPU
	EndGlobalSection
	GlobalSection(ProjectConfigurationPlatforms) = postSolution
		{95AED803-2B58-4B9E-9B01-18D0C8E349A5}.Debug|Any CPU.ActiveCfg = Debug|Any CPU
		{95AED803-2B58-4B9E-9B01-18D0C8E349A5}.Debug|Any CPU.Build.0 = Debug|Any CPU
		{95AED803-2B58-4B9E-9B01-18D0C8E349A5}.Release|Any CPU.ActiveCfg = Release|Any CPU
		{95AED803-2B58-4B9E-9B01-18D0C8E349A5}.Release|Any CPU.Build.0 = Release|Any CPU
	EndGlobalSection
	GlobalSection(SolutionProperties) = preSolution
		HideSolutionNode = FALSE
	EndGlobalSection
	GlobalSection(ExtensibilityGlobals) = postSolution
		SolutionGuid = {4F01E39D-32A8-4BF8-A762-05E585843D54}
	EndGlobalSection
EndGlobal
